
Microsoft Visual Studio Solution File, Format Version 12.00
# Visual Studio 15
VisualStudioVersion = 15.0.26430.13
MinimumVisualStudioVersion = 10.0.40219.1
Project("{9A19103F-16F7-4668-BE54-9A1E7A4F7556}") = "BinauralGenesis", "BinauralGenesis\BinauralGenesis.csproj", "{ADE3A1FE-43ED-4D9E-BB47-DC926D7246A6}"
EndProject
Global
	GlobalSection(SolutionConfigurationPlatforms) = preSolution
		Debug|Any CPU = Debug|Any CPU
		Release|Any CPU = Release|Any CPU
	EndGlobalSection
	GlobalSection(ProjectConfigurationPlatforms) = postSolution
		{ADE3A1FE-43ED-4D9E-BB47-DC926D7246A6}.Debug|Any CPU.ActiveCfg = Debug|Any CPU
		{ADE3A1FE-43ED-4D9E-BB47-DC926D7246A6}.Debug|Any CPU.Build.0 = Debug|Any CPU
		{ADE3A1FE-43ED-4D9E-BB47-DC926D7246A6}.Release|Any CPU.ActiveCfg = Release|Any CPU
		{ADE3A1FE-43ED-4D9E-BB47-DC926D7246A6}.Release|Any CPU.Build.0 = Release|Any CPU
	EndGlobalSection
	GlobalSection(SolutionProperties) = preSolution
		HideSolutionNode = FALSE
	EndGlobalSection
	GlobalSection(ExtensibilityGlobals) = postSolution
		VisualSVNWorkingCopyRoot = .
	EndGlobalSection
EndGlobal
